// !$*UTF8*$!
{
	archiveVersion = 1;
	classes = {
	};
	objectVersion = 55;
	objects = {

/* Begin PBXBuildFile section */
		201FE10F2890BDB800F215DE /* Trip.swift in Sources */ = {isa = PBXBuildFile; fileRef = 201FE10E2890BDB800F215DE /* Trip.swift */; };
		2041B3AE289779F600B42FC4 /* CircularProgressView.swift in Sources */ = {isa = PBXBuildFile; fileRef = 2041B3AD289779F600B42FC4 /* CircularProgressView.swift */; };
		204B81C428908889003469F6 /* RideActionView.swift in Sources */ = {isa = PBXBuildFile; fileRef = 204B81C328908888003469F6 /* RideActionView.swift */; };
		2055C7722891519E00D20FEB /* PickupController.swift in Sources */ = {isa = PBXBuildFile; fileRef = 2055C7712891519E00D20FEB /* PickupController.swift */; };
		2088AFED28879DA7001034D1 /* AppDelegate.swift in Sources */ = {isa = PBXBuildFile; fileRef = 2088AFEC28879DA7001034D1 /* AppDelegate.swift */; };
		2088AFEF28879DA7001034D1 /* SceneDelegate.swift in Sources */ = {isa = PBXBuildFile; fileRef = 2088AFEE28879DA7001034D1 /* SceneDelegate.swift */; };
		2088AFF428879DA7001034D1 /* Main.storyboard in Resources */ = {isa = PBXBuildFile; fileRef = 2088AFF228879DA7001034D1 /* Main.storyboard */; };
		2088AFF628879DA8001034D1 /* Assets.xcassets in Resources */ = {isa = PBXBuildFile; fileRef = 2088AFF528879DA8001034D1 /* Assets.xcassets */; };
		2088AFF928879DA8001034D1 /* LaunchScreen.storyboard in Resources */ = {isa = PBXBuildFile; fileRef = 2088AFF728879DA8001034D1 /* LaunchScreen.storyboard */; };
		2088B00728879F33001034D1 /* LoginController.swift in Sources */ = {isa = PBXBuildFile; fileRef = 2088B00628879F33001034D1 /* LoginController.swift */; };
		2088B0092887A700001034D1 /* Extensions.swift in Sources */ = {isa = PBXBuildFile; fileRef = 2088B0082887A700001034D1 /* Extensions.swift */; };
		2088B00B2889B0E4001034D1 /* RegistrationController.swift in Sources */ = {isa = PBXBuildFile; fileRef = 2088B00A2889B0E4001034D1 /* RegistrationController.swift */; };
		2088B00F2889D69F001034D1 /* AuthButton.swift in Sources */ = {isa = PBXBuildFile; fileRef = 2088B00E2889D69F001034D1 /* AuthButton.swift */; };
		2088B0112889E3A5001034D1 /* GoogleService-Info.plist in Resources */ = {isa = PBXBuildFile; fileRef = 2088B0102889E3A5001034D1 /* GoogleService-Info.plist */; };
		2088B0142889E524001034D1 /* FirebaseAuth in Frameworks */ = {isa = PBXBuildFile; productRef = 2088B0132889E524001034D1 /* FirebaseAuth */; };
		2088B0162889E524001034D1 /* FirebaseFirestore in Frameworks */ = {isa = PBXBuildFile; productRef = 2088B0152889E524001034D1 /* FirebaseFirestore */; };
		2088B0192889F5D3001034D1 /* FirebaseDatabase in Frameworks */ = {isa = PBXBuildFile; productRef = 2088B0182889F5D3001034D1 /* FirebaseDatabase */; };
		2088B01B2889FB79001034D1 /* HomeController.swift in Sources */ = {isa = PBXBuildFile; fileRef = 2088B01A2889FB78001034D1 /* HomeController.swift */; };
		20B1399F2894EF4E003DE7EC /* MenuController.swift in Sources */ = {isa = PBXBuildFile; fileRef = 20B1399E2894EF4E003DE7EC /* MenuController.swift */; };
		20B139A12894EF64003DE7EC /* ContainerController.swift in Sources */ = {isa = PBXBuildFile; fileRef = 20B139A02894EF64003DE7EC /* ContainerController.swift */; };
		20B139A32894F713003DE7EC /* MenuHeader.swift in Sources */ = {isa = PBXBuildFile; fileRef = 20B139A22894F713003DE7EC /* MenuHeader.swift */; };
		20B139A528964AAD003DE7EC /* SettingsController.swift in Sources */ = {isa = PBXBuildFile; fileRef = 20B139A428964AAC003DE7EC /* SettingsController.swift */; };
		20B139A7289652F1003DE7EC /* UserInfoHeader.swift in Sources */ = {isa = PBXBuildFile; fileRef = 20B139A6289652F1003DE7EC /* UserInfoHeader.swift */; };
		20B139AA289659D9003DE7EC /* AddLocationController.swift in Sources */ = {isa = PBXBuildFile; fileRef = 20B139A9289659D9003DE7EC /* AddLocationController.swift */; };
		20B139AD2896A240003DE7EC /* IQKeyboardManagerSwift in Frameworks */ = {isa = PBXBuildFile; productRef = 20B139AC2896A240003DE7EC /* IQKeyboardManagerSwift */; };
		20F8E5B3288B4991003AA49A /* LocationinputActivationView.swift in Sources */ = {isa = PBXBuildFile; fileRef = 20F8E5B2288B4991003AA49A /* LocationinputActivationView.swift */; };
		20F8E5B5288C0D65003AA49A /* LocationInputView.swift in Sources */ = {isa = PBXBuildFile; fileRef = 20F8E5B4288C0D65003AA49A /* LocationInputView.swift */; };
		20F8E5B7288C30D7003AA49A /* LocationCell.swift in Sources */ = {isa = PBXBuildFile; fileRef = 20F8E5B6288C30D7003AA49A /* LocationCell.swift */; };
		20F8E5B9288C4DF6003AA49A /* Service.swift in Sources */ = {isa = PBXBuildFile; fileRef = 20F8E5B8288C4DF6003AA49A /* Service.swift */; };
		20F8E5BB288C578B003AA49A /* User.swift in Sources */ = {isa = PBXBuildFile; fileRef = 20F8E5BA288C578B003AA49A /* User.swift */; };
		20F8E5C0288D79A0003AA49A /* GeoFire in Frameworks */ = {isa = PBXBuildFile; productRef = 20F8E5BF288D79A0003AA49A /* GeoFire */; };
		20F8E5C2288D79A0003AA49A /* GeoFireUtils in Frameworks */ = {isa = PBXBuildFile; productRef = 20F8E5C1288D79A0003AA49A /* GeoFireUtils */; };
		20F8E5C4288D7C6C003AA49A /* LocationHandler.swift in Sources */ = {isa = PBXBuildFile; fileRef = 20F8E5C3288D7C6B003AA49A /* LocationHandler.swift */; };
		20F8E5C6288DA5CF003AA49A /* DriverAnnotation.swift in Sources */ = {isa = PBXBuildFile; fileRef = 20F8E5C5288DA5CF003AA49A /* DriverAnnotation.swift */; };
/* End PBXBuildFile section */

/* Begin PBXFileReference section */
		201FE10E2890BDB800F215DE /* Trip.swift */ = {isa = PBXFileReference; lastKnownFileType = sourcecode.swift; path = Trip.swift; sourceTree = "<group>"; };
		2041B3AD289779F600B42FC4 /* CircularProgressView.swift */ = {isa = PBXFileReference; lastKnownFileType = sourcecode.swift; path = CircularProgressView.swift; sourceTree = "<group>"; };
		204B81C328908888003469F6 /* RideActionView.swift */ = {isa = PBXFileReference; lastKnownFileType = sourcecode.swift; path = RideActionView.swift; sourceTree = "<group>"; };
		2055C7712891519E00D20FEB /* PickupController.swift */ = {isa = PBXFileReference; lastKnownFileType = sourcecode.swift; path = PickupController.swift; sourceTree = "<group>"; };
		2088AFE928879DA7001034D1 /* Uber-Clone.app */ = {isa = PBXFileReference; explicitFileType = wrapper.application; includeInIndex = 0; path = "Uber-Clone.app"; sourceTree = BUILT_PRODUCTS_DIR; };
		2088AFEC28879DA7001034D1 /* AppDelegate.swift */ = {isa = PBXFileReference; lastKnownFileType = sourcecode.swift; path = AppDelegate.swift; sourceTree = "<group>"; };
		2088AFEE28879DA7001034D1 /* SceneDelegate.swift */ = {isa = PBXFileReference; lastKnownFileType = sourcecode.swift; path = SceneDelegate.swift; sourceTree = "<group>"; };
		2088AFF328879DA7001034D1 /* Base */ = {isa = PBXFileReference; lastKnownFileType = file.storyboard; name = Base; path = Base.lproj/Main.storyboard; sourceTree = "<group>"; };
		2088AFF528879DA8001034D1 /* Assets.xcassets */ = {isa = PBXFileReference; lastKnownFileType = folder.assetcatalog; path = Assets.xcassets; sourceTree = "<group>"; };
		2088AFF828879DA8001034D1 /* Base */ = {isa = PBXFileReference; lastKnownFileType = file.storyboard; name = Base; path = Base.lproj/LaunchScreen.storyboard; sourceTree = "<group>"; };
		2088AFFA28879DA8001034D1 /* Info.plist */ = {isa = PBXFileReference; lastKnownFileType = text.plist.xml; path = Info.plist; sourceTree = "<group>"; };
		2088B00628879F33001034D1 /* LoginController.swift */ = {isa = PBXFileReference; lastKnownFileType = sourcecode.swift; path = LoginController.swift; sourceTree = "<group>"; };
		2088B0082887A700001034D1 /* Extensions.swift */ = {isa = PBXFileReference; lastKnownFileType = sourcecode.swift; path = Extensions.swift; sourceTree = "<group>"; };
		2088B00A2889B0E4001034D1 /* RegistrationController.swift */ = {isa = PBXFileReference; lastKnownFileType = sourcecode.swift; path = RegistrationController.swift; sourceTree = "<group>"; };
		2088B00E2889D69F001034D1 /* AuthButton.swift */ = {isa = PBXFileReference; lastKnownFileType = sourcecode.swift; path = AuthButton.swift; sourceTree = "<group>"; };
		2088B0102889E3A5001034D1 /* GoogleService-Info.plist */ = {isa = PBXFileReference; lastKnownFileType = text.plist; path = "GoogleService-Info.plist"; sourceTree = SOURCE_ROOT; };
		2088B01A2889FB78001034D1 /* HomeController.swift */ = {isa = PBXFileReference; lastKnownFileType = sourcecode.swift; path = HomeController.swift; sourceTree = "<group>"; };
		20B1399E2894EF4E003DE7EC /* MenuController.swift */ = {isa = PBXFileReference; lastKnownFileType = sourcecode.swift; path = MenuController.swift; sourceTree = "<group>"; };
		20B139A02894EF64003DE7EC /* ContainerController.swift */ = {isa = PBXFileReference; lastKnownFileType = sourcecode.swift; path = ContainerController.swift; sourceTree = "<group>"; };
		20B139A22894F713003DE7EC /* MenuHeader.swift */ = {isa = PBXFileReference; lastKnownFileType = sourcecode.swift; path = MenuHeader.swift; sourceTree = "<group>"; };
		20B139A428964AAC003DE7EC /* SettingsController.swift */ = {isa = PBXFileReference; lastKnownFileType = sourcecode.swift; path = SettingsController.swift; sourceTree = "<group>"; };
		20B139A6289652F1003DE7EC /* UserInfoHeader.swift */ = {isa = PBXFileReference; lastKnownFileType = sourcecode.swift; path = UserInfoHeader.swift; sourceTree = "<group>"; };
		20B139A9289659D9003DE7EC /* AddLocationController.swift */ = {isa = PBXFileReference; lastKnownFileType = sourcecode.swift; path = AddLocationController.swift; sourceTree = "<group>"; };
		20F8E5B2288B4991003AA49A /* LocationinputActivationView.swift */ = {isa = PBXFileReference; lastKnownFileType = sourcecode.swift; path = LocationinputActivationView.swift; sourceTree = "<group>"; };
		20F8E5B4288C0D65003AA49A /* LocationInputView.swift */ = {isa = PBXFileReference; lastKnownFileType = sourcecode.swift; path = LocationInputView.swift; sourceTree = "<group>"; };
		20F8E5B6288C30D7003AA49A /* LocationCell.swift */ = {isa = PBXFileReference; lastKnownFileType = sourcecode.swift; path = LocationCell.swift; sourceTree = "<group>"; };
		20F8E5B8288C4DF6003AA49A /* Service.swift */ = {isa = PBXFileReference; lastKnownFileType = sourcecode.swift; path = Service.swift; sourceTree = "<group>"; };
		20F8E5BA288C578B003AA49A /* User.swift */ = {isa = PBXFileReference; lastKnownFileType = sourcecode.swift; path = User.swift; sourceTree = "<group>"; };
		20F8E5C3288D7C6B003AA49A /* LocationHandler.swift */ = {isa = PBXFileReference; lastKnownFileType = sourcecode.swift; path = LocationHandler.swift; sourceTree = "<group>"; };
		20F8E5C5288DA5CF003AA49A /* DriverAnnotation.swift */ = {isa = PBXFileReference; lastKnownFileType = sourcecode.swift; path = DriverAnnotation.swift; sourceTree = "<group>"; };
/* End PBXFileReference section */

/* Begin PBXFrameworksBuildPhase section */
		2088AFE628879DA7001034D1 /* Frameworks */ = {
			isa = PBXFrameworksBuildPhase;
			buildActionMask = 2147483647;
			files = (
				20F8E5C0288D79A0003AA49A /* GeoFire in Frameworks */,
				2088B0192889F5D3001034D1 /* FirebaseDatabase in Frameworks */,
				2088B0142889E524001034D1 /* FirebaseAuth in Frameworks */,
				2088B0162889E524001034D1 /* FirebaseFirestore in Frameworks */,
				20F8E5C2288D79A0003AA49A /* GeoFireUtils in Frameworks */,
				20B139AD2896A240003DE7EC /* IQKeyboardManagerSwift in Frameworks */,
			);
			runOnlyForDeploymentPostprocessing = 0;
		};
/* End PBXFrameworksBuildPhase section */

/* Begin PBXGroup section */
		2088AFE028879DA7001034D1 = {
			isa = PBXGroup;
			children = (
				2088AFEB28879DA7001034D1 /* Uber-Clone */,
				2088AFEA28879DA7001034D1 /* Products */,
				2088B0172889F5D3001034D1 /* Frameworks */,
			);
			sourceTree = "<group>";
		};
		2088AFEA28879DA7001034D1 /* Products */ = {
			isa = PBXGroup;
			children = (
				2088AFE928879DA7001034D1 /* Uber-Clone.app */,
			);
			name = Products;
			sourceTree = "<group>";
		};
		2088AFEB28879DA7001034D1 /* Uber-Clone */ = {
			isa = PBXGroup;
			children = (
				2088B00028879DCF001034D1 /* Model */,
				2088B00328879DEA001034D1 /* View */,
				2088B00128879DE1001034D1 /* Controller */,
				2088B00528879DEE001034D1 /* Utilities */,
				2088B00428879DEC001034D1 /* Service */,
				2088AFEC28879DA7001034D1 /* AppDelegate.swift */,
				2088AFEE28879DA7001034D1 /* SceneDelegate.swift */,
				2088AFF228879DA7001034D1 /* Main.storyboard */,
				2088AFF528879DA8001034D1 /* Assets.xcassets */,
				2088AFF728879DA8001034D1 /* LaunchScreen.storyboard */,
				2088B0102889E3A5001034D1 /* GoogleService-Info.plist */,
				2088AFFA28879DA8001034D1 /* Info.plist */,
			);
			path = "Uber-Clone";
			sourceTree = "<group>";
		};
		2088B00028879DCF001034D1 /* Model */ = {
			isa = PBXGroup;
			children = (
				20F8E5BA288C578B003AA49A /* User.swift */,
				20F8E5C5288DA5CF003AA49A /* DriverAnnotation.swift */,
				201FE10E2890BDB800F215DE /* Trip.swift */,
			);
			path = Model;
			sourceTree = "<group>";
		};
		2088B00128879DE1001034D1 /* Controller */ = {
			isa = PBXGroup;
			children = (
				20B139A8289659C0003DE7EC /* Settings */,
				20B1399D2894EF35003DE7EC /* SideMenu */,
				20B1399C2894EEFD003DE7EC /* Authentication */,
				2088B01A2889FB78001034D1 /* HomeController.swift */,
				2055C7712891519E00D20FEB /* PickupController.swift */,
			);
			path = Controller;
			sourceTree = "<group>";
		};
		2088B00328879DEA001034D1 /* View */ = {
			isa = PBXGroup;
			children = (
				2088B00E2889D69F001034D1 /* AuthButton.swift */,
				20F8E5B2288B4991003AA49A /* LocationinputActivationView.swift */,
				20F8E5B4288C0D65003AA49A /* LocationInputView.swift */,
				20F8E5B6288C30D7003AA49A /* LocationCell.swift */,
				204B81C328908888003469F6 /* RideActionView.swift */,
				20B139A22894F713003DE7EC /* MenuHeader.swift */,
				20B139A6289652F1003DE7EC /* UserInfoHeader.swift */,
				2041B3AD289779F600B42FC4 /* CircularProgressView.swift */,
			);
			path = View;
			sourceTree = "<group>";
		};
		2088B00428879DEC001034D1 /* Service */ = {
			isa = PBXGroup;
			children = (
				20F8E5B8288C4DF6003AA49A /* Service.swift */,
			);
			path = Service;
			sourceTree = "<group>";
		};
		2088B00528879DEE001034D1 /* Utilities */ = {
			isa = PBXGroup;
			children = (
				2088B0082887A700001034D1 /* Extensions.swift */,
				20F8E5C3288D7C6B003AA49A /* LocationHandler.swift */,
			);
			path = Utilities;
			sourceTree = "<group>";
		};
		2088B0172889F5D3001034D1 /* Frameworks */ = {
			isa = PBXGroup;
			children = (
			);
			name = Frameworks;
			sourceTree = "<group>";
		};
		20B1399C2894EEFD003DE7EC /* Authentication */ = {
			isa = PBXGroup;
			children = (
				2088B00628879F33001034D1 /* LoginController.swift */,
				2088B00A2889B0E4001034D1 /* RegistrationController.swift */,
			);
			path = Authentication;
			sourceTree = "<group>";
		};
		20B1399D2894EF35003DE7EC /* SideMenu */ = {
			isa = PBXGroup;
			children = (
				20B1399E2894EF4E003DE7EC /* MenuController.swift */,
				20B139A02894EF64003DE7EC /* ContainerController.swift */,
			);
			path = SideMenu;
			sourceTree = "<group>";
		};
		20B139A8289659C0003DE7EC /* Settings */ = {
			isa = PBXGroup;
			children = (
				20B139A428964AAC003DE7EC /* SettingsController.swift */,
				20B139A9289659D9003DE7EC /* AddLocationController.swift */,
			);
			path = Settings;
			sourceTree = "<group>";
		};
/* End PBXGroup section */

/* Begin PBXNativeTarget section */
		2088AFE828879DA7001034D1 /* Uber-Clone */ = {
			isa = PBXNativeTarget;
			buildConfigurationList = 2088AFFD28879DA8001034D1 /* Build configuration list for PBXNativeTarget "Uber-Clone" */;
			buildPhases = (
				2088AFE528879DA7001034D1 /* Sources */,
				2088AFE628879DA7001034D1 /* Frameworks */,
				2088AFE728879DA7001034D1 /* Resources */,
			);
			buildRules = (
			);
			dependencies = (
			);
			name = "Uber-Clone";
			packageProductDependencies = (
				2088B0132889E524001034D1 /* FirebaseAuth */,
				2088B0152889E524001034D1 /* FirebaseFirestore */,
				2088B0182889F5D3001034D1 /* FirebaseDatabase */,
				20F8E5BF288D79A0003AA49A /* GeoFire */,
				20F8E5C1288D79A0003AA49A /* GeoFireUtils */,
				20B139AC2896A240003DE7EC /* IQKeyboardManagerSwift */,
			);
			productName = "Uber Clone app";
			productReference = 2088AFE928879DA7001034D1 /* Uber-Clone.app */;
			productType = "com.apple.product-type.application";
		};
/* End PBXNativeTarget section */

/* Begin PBXProject section */
		2088AFE128879DA7001034D1 /* Project object */ = {
			isa = PBXProject;
			attributes = {
				BuildIndependentTargetsInParallel = 1;
				LastSwiftUpdateCheck = 1340;
				LastUpgradeCheck = 1340;
				TargetAttributes = {
					2088AFE828879DA7001034D1 = {
						CreatedOnToolsVersion = 13.4.1;
					};
				};
			};
			buildConfigurationList = 2088AFE428879DA7001034D1 /* Build configuration list for PBXProject "Uber-Clone" */;
			compatibilityVersion = "Xcode 13.0";
			developmentRegion = en;
			hasScannedForEncodings = 0;
			knownRegions = (
				en,
				Base,
			);
			mainGroup = 2088AFE028879DA7001034D1;
			packageReferences = (
				2088B0122889E524001034D1 /* XCRemoteSwiftPackageReference "firebase-ios-sdk" */,
				20F8E5BE288D79A0003AA49A /* XCRemoteSwiftPackageReference "geofire-objc" */,
				20B139AB2896A240003DE7EC /* XCRemoteSwiftPackageReference "IQKeyboardManager" */,
			);
			productRefGroup = 2088AFEA28879DA7001034D1 /* Products */;
			projectDirPath = "";
			projectRoot = "";
			targets = (
				2088AFE828879DA7001034D1 /* Uber-Clone */,
			);
		};
/* End PBXProject section */

/* Begin PBXResourcesBuildPhase section */
		2088AFE728879DA7001034D1 /* Resources */ = {
			isa = PBXResourcesBuildPhase;
			buildActionMask = 2147483647;
			files = (
				2088AFF928879DA8001034D1 /* LaunchScreen.storyboard in Resources */,
				2088B0112889E3A5001034D1 /* GoogleService-Info.plist in Resources */,
				2088AFF628879DA8001034D1 /* Assets.xcassets in Resources */,
				2088AFF428879DA7001034D1 /* Main.storyboard in Resources */,
			);
			runOnlyForDeploymentPostprocessing = 0;
		};
/* End PBXResourcesBuildPhase section */

/* Begin PBXSourcesBuildPhase section */
		2088AFE528879DA7001034D1 /* Sources */ = {
			isa = PBXSourcesBuildPhase;
			buildActionMask = 2147483647;
			files = (
				2088AFED28879DA7001034D1 /* AppDelegate.swift in Sources */,
				2088B00F2889D69F001034D1 /* AuthButton.swift in Sources */,
				2088B01B2889FB79001034D1 /* HomeController.swift in Sources */,
				20B139A7289652F1003DE7EC /* UserInfoHeader.swift in Sources */,
				20B139A528964AAD003DE7EC /* SettingsController.swift in Sources */,
				20F8E5B5288C0D65003AA49A /* LocationInputView.swift in Sources */,
				201FE10F2890BDB800F215DE /* Trip.swift in Sources */,
				2055C7722891519E00D20FEB /* PickupController.swift in Sources */,
				20F8E5C6288DA5CF003AA49A /* DriverAnnotation.swift in Sources */,
				20F8E5BB288C578B003AA49A /* User.swift in Sources */,
				2041B3AE289779F600B42FC4 /* CircularProgressView.swift in Sources */,
				2088B00728879F33001034D1 /* LoginController.swift in Sources */,
				20B139AA289659D9003DE7EC /* AddLocationController.swift in Sources */,
				2088AFEF28879DA7001034D1 /* SceneDelegate.swift in Sources */,
				20B1399F2894EF4E003DE7EC /* MenuController.swift in Sources */,
				20F8E5C4288D7C6C003AA49A /* LocationHandler.swift in Sources */,
				20B139A12894EF64003DE7EC /* ContainerController.swift in Sources */,
				20B139A32894F713003DE7EC /* MenuHeader.swift in Sources */,
				20F8E5B7288C30D7003AA49A /* LocationCell.swift in Sources */,
				204B81C428908889003469F6 /* RideActionView.swift in Sources */,
				2088B00B2889B0E4001034D1 /* RegistrationController.swift in Sources */,
				20F8E5B9288C4DF6003AA49A /* Service.swift in Sources */,
				20F8E5B3288B4991003AA49A /* LocationinputActivationView.swift in Sources */,
				2088B0092887A700001034D1 /* Extensions.swift in Sources */,
			);
			runOnlyForDeploymentPostprocessing = 0;
		};
/* End PBXSourcesBuildPhase section */

/* Begin PBXVariantGroup section */
		2088AFF228879DA7001034D1 /* Main.storyboard */ = {
			isa = PBXVariantGroup;
			children = (
				2088AFF328879DA7001034D1 /* Base */,
			);
			name = Main.storyboard;
			sourceTree = "<group>";
		};
		2088AFF728879DA8001034D1 /* LaunchScreen.storyboard */ = {
			isa = PBXVariantGroup;
			children = (
				2088AFF828879DA8001034D1 /* Base */,
			);
			name = LaunchScreen.storyboard;
			sourceTree = "<group>";
		};
/* End PBXVariantGroup section */

/* Begin XCBuildConfiguration section */
		2088AFFB28879DA8001034D1 /* Debug */ = {
			isa = XCBuildConfiguration;
			buildSettings = {
				ALWAYS_SEARCH_USER_PATHS = NO;
				CLANG_ANALYZER_NONNULL = YES;
				CLANG_ANALYZER_NUMBER_OBJECT_CONVERSION = YES_AGGRESSIVE;
				CLANG_CXX_LANGUAGE_STANDARD = "gnu++17";
				CLANG_ENABLE_MODULES = YES;
				CLANG_ENABLE_OBJC_ARC = YES;
				CLANG_ENABLE_OBJC_WEAK = YES;
				CLANG_WARN_BLOCK_CAPTURE_AUTORELEASING = YES;
				CLANG_WARN_BOOL_CONVERSION = YES;
				CLANG_WARN_COMMA = YES;
				CLANG_WARN_CONSTANT_CONVERSION = YES;
				CLANG_WARN_DEPRECATED_OBJC_IMPLEMENTATIONS = YES;
				CLANG_WARN_DIRECT_OBJC_ISA_USAGE = YES_ERROR;
				CLANG_WARN_DOCUMENTATION_COMMENTS = YES;
				CLANG_WARN_EMPTY_BODY = YES;
				CLANG_WARN_ENUM_CONVERSION = YES;
				CLANG_WARN_INFINITE_RECURSION = YES;
				CLANG_WARN_INT_CONVERSION = YES;
				CLANG_WARN_NON_LITERAL_NULL_CONVERSION = YES;
				CLANG_WARN_OBJC_IMPLICIT_RETAIN_SELF = YES;
				CLANG_WARN_OBJC_LITERAL_CONVERSION = YES;
				CLANG_WARN_OBJC_ROOT_CLASS = YES_ERROR;
				CLANG_WARN_QUOTED_INCLUDE_IN_FRAMEWORK_HEADER = YES;
				CLANG_WARN_RANGE_LOOP_ANALYSIS = YES;
				CLANG_WARN_STRICT_PROTOTYPES = YES;
				CLANG_WARN_SUSPICIOUS_MOVE = YES;
				CLANG_WARN_UNGUARDED_AVAILABILITY = YES_AGGRESSIVE;
				CLANG_WARN_UNREACHABLE_CODE = YES;
				CLANG_WARN__DUPLICATE_METHOD_MATCH = YES;
				COPY_PHASE_STRIP = NO;
				DEBUG_INFORMATION_FORMAT = dwarf;
				ENABLE_STRICT_OBJC_MSGSEND = YES;
				ENABLE_TESTABILITY = YES;
				GCC_C_LANGUAGE_STANDARD = gnu11;
				GCC_DYNAMIC_NO_PIC = NO;
				GCC_NO_COMMON_BLOCKS = YES;
				GCC_OPTIMIZATION_LEVEL = 0;
				GCC_PREPROCESSOR_DEFINITIONS = (
					"DEBUG=1",
					"$(inherited)",
				);
				GCC_WARN_64_TO_32_BIT_CONVERSION = YES;
				GCC_WARN_ABOUT_RETURN_TYPE = YES_ERROR;
				GCC_WARN_UNDECLARED_SELECTOR = YES;
				GCC_WARN_UNINITIALIZED_AUTOS = YES_AGGRESSIVE;
				GCC_WARN_UNUSED_FUNCTION = YES;
				GCC_WARN_UNUSED_VARIABLE = YES;
				IPHONEOS_DEPLOYMENT_TARGET = 15.5;
				MTL_ENABLE_DEBUG_INFO = INCLUDE_SOURCE;
				MTL_FAST_MATH = YES;
				ONLY_ACTIVE_ARCH = YES;
				SDKROOT = iphoneos;
				SWIFT_ACTIVE_COMPILATION_CONDITIONS = DEBUG;
				SWIFT_OPTIMIZATION_LEVEL = "-Onone";
			};
			name = Debug;
		};
		2088AFFC28879DA8001034D1 /* Release */ = {
			isa = XCBuildConfiguration;
			buildSettings = {
				ALWAYS_SEARCH_USER_PATHS = NO;
				CLANG_ANALYZER_NONNULL = YES;
				CLANG_ANALYZER_NUMBER_OBJECT_CONVERSION = YES_AGGRESSIVE;
				CLANG_CXX_LANGUAGE_STANDARD = "gnu++17";
				CLANG_ENABLE_MODULES = YES;
				CLANG_ENABLE_OBJC_ARC = YES;
				CLANG_ENABLE_OBJC_WEAK = YES;
				CLANG_WARN_BLOCK_CAPTURE_AUTORELEASING = YES;
				CLANG_WARN_BOOL_CONVERSION = YES;
				CLANG_WARN_COMMA = YES;
				CLANG_WARN_CONSTANT_CONVERSION = YES;
				CLANG_WARN_DEPRECATED_OBJC_IMPLEMENTATIONS = YES;
				CLANG_WARN_DIRECT_OBJC_ISA_USAGE = YES_ERROR;
				CLANG_WARN_DOCUMENTATION_COMMENTS = YES;
				CLANG_WARN_EMPTY_BODY = YES;
				CLANG_WARN_ENUM_CONVERSION = YES;
				CLANG_WARN_INFINITE_RECURSION = YES;
				CLANG_WARN_INT_CONVERSION = YES;
				CLANG_WARN_NON_LITERAL_NULL_CONVERSION = YES;
				CLANG_WARN_OBJC_IMPLICIT_RETAIN_SELF = YES;
				CLANG_WARN_OBJC_LITERAL_CONVERSION = YES;
				CLANG_WARN_OBJC_ROOT_CLASS = YES_ERROR;
				CLANG_WARN_QUOTED_INCLUDE_IN_FRAMEWORK_HEADER = YES;
				CLANG_WARN_RANGE_LOOP_ANALYSIS = YES;
				CLANG_WARN_STRICT_PROTOTYPES = YES;
				CLANG_WARN_SUSPICIOUS_MOVE = YES;
				CLANG_WARN_UNGUARDED_AVAILABILITY = YES_AGGRESSIVE;
				CLANG_WARN_UNREACHABLE_CODE = YES;
				CLANG_WARN__DUPLICATE_METHOD_MATCH = YES;
				COPY_PHASE_STRIP = NO;
				DEBUG_INFORMATION_FORMAT = "dwarf-with-dsym";
				ENABLE_NS_ASSERTIONS = NO;
				ENABLE_STRICT_OBJC_MSGSEND = YES;
				GCC_C_LANGUAGE_STANDARD = gnu11;
				GCC_NO_COMMON_BLOCKS = YES;
				GCC_WARN_64_TO_32_BIT_CONVERSION = YES;
				GCC_WARN_ABOUT_RETURN_TYPE = YES_ERROR;
				GCC_WARN_UNDECLARED_SELECTOR = YES;
				GCC_WARN_UNINITIALIZED_AUTOS = YES_AGGRESSIVE;
				GCC_WARN_UNUSED_FUNCTION = YES;
				GCC_WARN_UNUSED_VARIABLE = YES;
				IPHONEOS_DEPLOYMENT_TARGET = 15.5;
				MTL_ENABLE_DEBUG_INFO = NO;
				MTL_FAST_MATH = YES;
				SDKROOT = iphoneos;
				SWIFT_COMPILATION_MODE = wholemodule;
				SWIFT_OPTIMIZATION_LEVEL = "-O";
				VALIDATE_PRODUCT = YES;
			};
			name = Release;
		};
		2088AFFE28879DA8001034D1 /* Debug */ = {
			isa = XCBuildConfiguration;
			buildSettings = {
				ASSETCATALOG_COMPILER_APPICON_NAME = AppIcon;
				ASSETCATALOG_COMPILER_GLOBAL_ACCENT_COLOR_NAME = AccentColor;
				CODE_SIGN_STYLE = Automatic;
				CURRENT_PROJECT_VERSION = 1;
				DEVELOPMENT_TEAM = ZC2RZX2F24;
				GENERATE_INFOPLIST_FILE = YES;
				INFOPLIST_FILE = "Uber-Clone/Info.plist";
				INFOPLIST_KEY_CFBundleDisplayName = "Uber Clone";
				INFOPLIST_KEY_NSLocationAlwaysAndWhenInUseUsageDescription = "Please allow us to access your location so we can find you rides nearby";
				INFOPLIST_KEY_NSLocationAlwaysUsageDescription = "Please allow us to access your location so we can find you rides nearby";
				INFOPLIST_KEY_NSLocationWhenInUseUsageDescription = "Please allow us to access your location so we can find you rides nearby";
				INFOPLIST_KEY_UIApplicationSupportsIndirectInputEvents = YES;
				INFOPLIST_KEY_UILaunchStoryboardName = LaunchScreen;
				INFOPLIST_KEY_UIMainStoryboardFile = Main;
				INFOPLIST_KEY_UISupportedInterfaceOrientations_iPad = "UIInterfaceOrientationPortrait UIInterfaceOrientationPortraitUpsideDown UIInterfaceOrientationLandscapeLeft UIInterfaceOrientationLandscapeRight";
				INFOPLIST_KEY_UISupportedInterfaceOrientations_iPhone = "UIInterfaceOrientationPortrait UIInterfaceOrientationLandscapeLeft UIInterfaceOrientationLandscapeRight";
				LD_RUNPATH_SEARCH_PATHS = (
					"$(inherited)",
					"@executable_path/Frameworks",
				);
				MARKETING_VERSION = 1.0;
				PRODUCT_BUNDLE_IDENTIFIER = "com.dauka.Uber-Clone";
				PRODUCT_NAME = "$(TARGET_NAME)";
				SWIFT_EMIT_LOC_STRINGS = YES;
				SWIFT_VERSION = 5.0;
				TARGETED_DEVICE_FAMILY = "1,2";
			};
			name = Debug;
		};
		2088AFFF28879DA8001034D1 /* Release */ = {
			isa = XCBuildConfiguration;
			buildSettings = {
				ASSETCATALOG_COMPILER_APPICON_NAME = AppIcon;
				ASSETCATALOG_COMPILER_GLOBAL_ACCENT_COLOR_NAME = AccentColor;
				CODE_SIGN_STYLE = Automatic;
				CURRENT_PROJECT_VERSION = 1;
				DEVELOPMENT_TEAM = ZC2RZX2F24;
				GENERATE_INFOPLIST_FILE = YES;
				INFOPLIST_FILE = "Uber-Clone/Info.plist";
				INFOPLIST_KEY_CFBundleDisplayName = "Uber Clone";
				INFOPLIST_KEY_NSLocationAlwaysAndWhenInUseUsageDescription = "Please allow us to access your location so we can find you rides nearby";
				INFOPLIST_KEY_NSLocationAlwaysUsageDescription = "Please allow us to access your location so we can find you rides nearby";
				INFOPLIST_KEY_NSLocationWhenInUseUsageDescription = "Please allow us to access your location so we can find you rides nearby";
				INFOPLIST_KEY_UIApplicationSupportsIndirectInputEvents = YES;
				INFOPLIST_KEY_UILaunchStoryboardName = LaunchScreen;
				INFOPLIST_KEY_UIMainStoryboardFile = Main;
				INFOPLIST_KEY_UISupportedInterfaceOrientations_iPad = "UIInterfaceOrientationPortrait UIInterfaceOrientationPortraitUpsideDown UIInterfaceOrientationLandscapeLeft UIInterfaceOrientationLandscapeRight";
				INFOPLIST_KEY_UISupportedInterfaceOrientations_iPhone = "UIInterfaceOrientationPortrait UIInterfaceOrientationLandscapeLeft UIInterfaceOrientationLandscapeRight";
				LD_RUNPATH_SEARCH_PATHS = (
					"$(inherited)",
					"@executable_path/Frameworks",
				);
				MARKETING_VERSION = 1.0;
				PRODUCT_BUNDLE_IDENTIFIER = "com.dauka.Uber-Clone";
				PRODUCT_NAME = "$(TARGET_NAME)";
				SWIFT_EMIT_LOC_STRINGS = YES;
				SWIFT_VERSION = 5.0;
				TARGETED_DEVICE_FAMILY = "1,2";
			};
			name = Release;
		};
/* End XCBuildConfiguration section */

/* Begin XCConfigurationList section */
		2088AFE428879DA7001034D1 /* Build configuration list for PBXProject "Uber-Clone" */ = {
			isa = XCConfigurationList;
			buildConfigurations = (
				2088AFFB28879DA8001034D1 /* Debug */,
				2088AFFC28879DA8001034D1 /* Release */,
			);
			defaultConfigurationIsVisible = 0;
			defaultConfigurationName = Release;
		};
		2088AFFD28879DA8001034D1 /* Build configuration list for PBXNativeTarget "Uber-Clone" */ = {
			isa = XCConfigurationList;
			buildConfigurations = (
				2088AFFE28879DA8001034D1 /* Debug */,
				2088AFFF28879DA8001034D1 /* Release */,
			);
			defaultConfigurationIsVisible = 0;
			defaultConfigurationName = Release;
		};
/* End XCConfigurationList section */

/* Begin XCRemoteSwiftPackageReference section */
		2088B0122889E524001034D1 /* XCRemoteSwiftPackageReference "firebase-ios-sdk" */ = {
			isa = XCRemoteSwiftPackageReference;
			repositoryURL = "https://github.com/firebase/firebase-ios-sdk";
			requirement = {
				kind = upToNextMajorVersion;
				minimumVersion = 8.0.0;
			};
		};
		20B139AB2896A240003DE7EC /* XCRemoteSwiftPackageReference "IQKeyboardManager" */ = {
			isa = XCRemoteSwiftPackageReference;
			repositoryURL = "https://github.com/hackiftekhar/IQKeyboardManager.git";
			requirement = {
				kind = upToNextMajorVersion;
				minimumVersion = 6.0.0;
			};
		};
		20F8E5BE288D79A0003AA49A /* XCRemoteSwiftPackageReference "geofire-objc" */ = {
			isa = XCRemoteSwiftPackageReference;
			repositoryURL = "https://github.com/firebase/geofire-objc.git";
			requirement = {
				branch = master;
				kind = branch;
			};
		};
/* End XCRemoteSwiftPackageReference section */

/* Begin XCSwiftPackageProductDependency section */
		2088B0132889E524001034D1 /* FirebaseAuth */ = {
			isa = XCSwiftPackageProductDependency;
			package = 2088B0122889E524001034D1 /* XCRemoteSwiftPackageReference "firebase-ios-sdk" */;
			productName = FirebaseAuth;
		};
		2088B0152889E524001034D1 /* FirebaseFirestore */ = {
			isa = XCSwiftPackageProductDependency;
			package = 2088B0122889E524001034D1 /* XCRemoteSwiftPackageReference "firebase-ios-sdk" */;
			productName = FirebaseFirestore;
		};
		2088B0182889F5D3001034D1 /* FirebaseDatabase */ = {
			isa = XCSwiftPackageProductDependency;
			package = 2088B0122889E524001034D1 /* XCRemoteSwiftPackageReference "firebase-ios-sdk" */;
			productName = FirebaseDatabase;
		};
		20B139AC2896A240003DE7EC /* IQKeyboardManagerSwift */ = {
			isa = XCSwiftPackageProductDependency;
			package = 20B139AB2896A240003DE7EC /* XCRemoteSwiftPackageReference "IQKeyboardManager" */;
			productName = IQKeyboardManagerSwift;
		};
		20F8E5BF288D79A0003AA49A /* GeoFire */ = {
			isa = XCSwiftPackageProductDependency;
			package = 20F8E5BE288D79A0003AA49A /* XCRemoteSwiftPackageReference "geofire-objc" */;
			productName = GeoFire;
		};
		20F8E5C1288D79A0003AA49A /* GeoFireUtils */ = {
			isa = XCSwiftPackageProductDependency;
			package = 20F8E5BE288D79A0003AA49A /* XCRemoteSwiftPackageReference "geofire-objc" */;
			productName = GeoFireUtils;
		};
/* End XCSwiftPackageProductDependency section */
	};
	rootObject = 2088AFE128879DA7001034D1 /* Project object */;
}
